
Microsoft Visual Studio Solution File, Format Version 12.00
# Visual Studio Version 17
VisualStudioVersion = 17.7.34024.191
MinimumVisualStudioVersion = 10.0.40219.1
Project("{FAE04EC0-301F-11D3-BF4B-00C04F79EFBC}") = "WebAPIDesafio", "WebAPIDesafio\WebAPIDesafio.csproj", "{025A7BA2-5828-4488-BE04-AC45BC2E3D84}"
EndProject
Global
	GlobalSection(SolutionConfigurationPlatforms) = preSolution
		Debug|Any CPU = Debug|Any CPU
		Release|Any CPU = Release|Any CPU
	EndGlobalSection
	GlobalSection(ProjectConfigurationPlatforms) = postSolution
		{025A7BA2-5828-4488-BE04-AC45BC2E3D84}.Debug|Any CPU.ActiveCfg = Debug|Any CPU
		{025A7BA2-5828-4488-BE04-AC45BC2E3D84}.Debug|Any CPU.Build.0 = Debug|Any CPU
		{025A7BA2-5828-4488-BE04-AC45BC2E3D84}.Release|Any CPU.ActiveCfg = Release|Any CPU
		{025A7BA2-5828-4488-BE04-AC45BC2E3D84}.Release|Any CPU.Build.0 = Release|Any CPU
	EndGlobalSection
	GlobalSection(SolutionProperties) = preSolution
		HideSolutionNode = FALSE
	EndGlobalSection
	GlobalSection(ExtensibilityGlobals) = postSolution
		SolutionGuid = {49E9B00D-9C8C-4357-8DEE-72E8409A35DE}
	EndGlobalSection
EndGlobal
